// !$*UTF8*$!
{
	archiveVersion = 1;
	classes = {
	};
	objectVersion = 48;
	objects = {

/* Begin PBXBuildFile section */
		FC1217291EF68CBE00EAA28E /* AppDelegate.swift in Sources */ = {isa = PBXBuildFile; fileRef = FC1217281EF68CBE00EAA28E /* AppDelegate.swift */; };
		FC12172B1EF68CBE00EAA28E /* ViewController.swift in Sources */ = {isa = PBXBuildFile; fileRef = FC12172A1EF68CBE00EAA28E /* ViewController.swift */; };
		FC12172E1EF68CBE00EAA28E /* Main.storyboard in Resources */ = {isa = PBXBuildFile; fileRef = FC12172C1EF68CBE00EAA28E /* Main.storyboard */; };
		FC1217301EF68CBE00EAA28E /* Assets.xcassets in Resources */ = {isa = PBXBuildFile; fileRef = FC12172F1EF68CBE00EAA28E /* Assets.xcassets */; };
		FC1217331EF68CBE00EAA28E /* LaunchScreen.storyboard in Resources */ = {isa = PBXBuildFile; fileRef = FC1217311EF68CBE00EAA28E /* LaunchScreen.storyboard */; };
		FC12173B1EF68D8200EAA28E /* detailsVC.swift in Sources */ = {isa = PBXBuildFile; fileRef = FC12173A1EF68D8200EAA28E /* detailsVC.swift */; };
		FC1217411EF68F7300EAA28E /* bart.png in Resources */ = {isa = PBXBuildFile; fileRef = FC12173C1EF68F7200EAA28E /* bart.png */; };
		FC1217421EF68F7300EAA28E /* lisa.png in Resources */ = {isa = PBXBuildFile; fileRef = FC12173D1EF68F7200EAA28E /* lisa.png */; };
		FC1217431EF68F7300EAA28E /* maggie.png in Resources */ = {isa = PBXBuildFile; fileRef = FC12173E1EF68F7300EAA28E /* maggie.png */; };
		FC1217441EF68F7300EAA28E /* marge.png in Resources */ = {isa = PBXBuildFile; fileRef = FC12173F1EF68F7300EAA28E /* marge.png */; };
		FC1217451EF68F7300EAA28E /* homer.png in Resources */ = {isa = PBXBuildFile; fileRef = FC1217401EF68F7300EAA28E /* homer.png */; };
		FC1217481EF68FDA00EAA28E /* Simpson.swift in Sources */ = {isa = PBXBuildFile; fileRef = FC1217471EF68FDA00EAA28E /* Simpson.swift */; };
/* End PBXBuildFile section */

/* Begin PBXFileReference section */
		FC1217251EF68CBE00EAA28E /* Simpson Book.app */ = {isa = PBXFileReference; explicitFileType = wrapper.application; includeInIndex = 0; path = "Simpson Book.app"; sourceTree = BUILT_PRODUCTS_DIR; };
		FC1217281EF68CBE00EAA28E /* AppDelegate.swift */ = {isa = PBXFileReference; lastKnownFileType = sourcecode.swift; path = AppDelegate.swift; sourceTree = "<group>"; };
		FC12172A1EF68CBE00EAA28E /* ViewController.swift */ = {isa = PBXFileReference; lastKnownFileType = sourcecode.swift; path = ViewController.swift; sourceTree = "<group>"; };
		FC12172D1EF68CBE00EAA28E /* Base */ = {isa = PBXFileReference; lastKnownFileType = file.storyboard; name = Base; path = Base.lproj/Main.storyboard; sourceTree = "<group>"; };
		FC12172F1EF68CBE00EAA28E /* Assets.xcassets */ = {isa = PBXFileReference; lastKnownFileType = folder.assetcatalog; path = Assets.xcassets; sourceTree = "<group>"; };
		FC1217321EF68CBE00EAA28E /* Base */ = {isa = PBXFileReference; lastKnownFileType = file.storyboard; name = Base; path = Base.lproj/LaunchScreen.storyboard; sourceTree = "<group>"; };
		FC1217341EF68CBE00EAA28E /* Info.plist */ = {isa = PBXFileReference; lastKnownFileType = text.plist.xml; path = Info.plist; sourceTree = "<group>"; };
		FC12173A1EF68D8200EAA28E /* detailsVC.swift */ = {isa = PBXFileReference; lastKnownFileType = sourcecode.swift; path = detailsVC.swift; sourceTree = "<group>"; };
		FC12173C1EF68F7200EAA28E /* bart.png */ = {isa = PBXFileReference; lastKnownFileType = image.png; path = bart.png; sourceTree = "<group>"; };
		FC12173D1EF68F7200EAA28E /* lisa.png */ = {isa = PBXFileReference; lastKnownFileType = image.png; path = lisa.png; sourceTree = "<group>"; };
		FC12173E1EF68F7300EAA28E /* maggie.png */ = {isa = PBXFileReference; lastKnownFileType = image.png; path = maggie.png; sourceTree = "<group>"; };
		FC12173F1EF68F7300EAA28E /* marge.png */ = {isa = PBXFileReference; lastKnownFileType = image.png; path = marge.png; sourceTree = "<group>"; };
		FC1217401EF68F7300EAA28E /* homer.png */ = {isa = PBXFileReference; lastKnownFileType = image.png; path = homer.png; sourceTree = "<group>"; };
		FC1217471EF68FDA00EAA28E /* Simpson.swift */ = {isa = PBXFileReference; lastKnownFileType = sourcecode.swift; path = Simpson.swift; sourceTree = "<group>"; };
/* End PBXFileReference section */

/* Begin PBXFrameworksBuildPhase section */
		FC1217221EF68CBE00EAA28E /* Frameworks */ = {
			isa = PBXFrameworksBuildPhase;
			buildActionMask = 2147483647;
			files = (
			);
			runOnlyForDeploymentPostprocessing = 0;
		};
/* End PBXFrameworksBuildPhase section */

/* Begin PBXGroup section */
		FC12171C1EF68CBE00EAA28E = {
			isa = PBXGroup;
			children = (
				FC1217271EF68CBE00EAA28E /* Simpson Book */,
				FC1217261EF68CBE00EAA28E /* Products */,
			);
			sourceTree = "<group>";
		};
		FC1217261EF68CBE00EAA28E /* Products */ = {
			isa = PBXGroup;
			children = (
				FC1217251EF68CBE00EAA28E /* Simpson Book.app */,
			);
			name = Products;
			sourceTree = "<group>";
		};
		FC1217271EF68CBE00EAA28E /* Simpson Book */ = {
			isa = PBXGroup;
			children = (
				FC1217461EF68F7A00EAA28E /* images */,
				FC1217281EF68CBE00EAA28E /* AppDelegate.swift */,
				FC12172A1EF68CBE00EAA28E /* ViewController.swift */,
				FC12173A1EF68D8200EAA28E /* detailsVC.swift */,
				FC1217471EF68FDA00EAA28E /* Simpson.swift */,
				FC12172C1EF68CBE00EAA28E /* Main.storyboard */,
				FC12172F1EF68CBE00EAA28E /* Assets.xcassets */,
				FC1217311EF68CBE00EAA28E /* LaunchScreen.storyboard */,
				FC1217341EF68CBE00EAA28E /* Info.plist */,
			);
			path = "Simpson Book";
			sourceTree = "<group>";
		};
		FC1217461EF68F7A00EAA28E /* images */ = {
			isa = PBXGroup;
			children = (
				FC12173C1EF68F7200EAA28E /* bart.png */,
				FC1217401EF68F7300EAA28E /* homer.png */,
				FC12173D1EF68F7200EAA28E /* lisa.png */,
				FC12173E1EF68F7300EAA28E /* maggie.png */,
				FC12173F1EF68F7300EAA28E /* marge.png */,
			);
			path = images;
			sourceTree = "<group>";
		};
/* End PBXGroup section */

/* Begin PBXNativeTarget section */
		FC1217241EF68CBE00EAA28E /* Simpson Book */ = {
			isa = PBXNativeTarget;
			buildConfigurationList = FC1217371EF68CBE00EAA28E /* Build configuration list for PBXNativeTarget "Simpson Book" */;
			buildPhases = (
				FC1217211EF68CBE00EAA28E /* Sources */,
				FC1217221EF68CBE00EAA28E /* Frameworks */,
				FC1217231EF68CBE00EAA28E /* Resources */,
			);
			buildRules = (
			);
			dependencies = (
			);
			name = "Simpson Book";
			productName = "Simpson Book";
			productReference = FC1217251EF68CBE00EAA28E /* Simpson Book.app */;
			productType = "com.apple.product-type.application";
		};
/* End PBXNativeTarget section */

/* Begin PBXProject section */
		FC12171D1EF68CBE00EAA28E /* Project object */ = {
			isa = PBXProject;
			attributes = {
				LastSwiftUpdateCheck = 0900;
				LastUpgradeCheck = 0900;
				ORGANIZATIONNAME = "Atil Samancioglu";
				TargetAttributes = {
					FC1217241EF68CBE00EAA28E = {
						CreatedOnToolsVersion = 9.0;
					};
				};
			};
			buildConfigurationList = FC1217201EF68CBE00EAA28E /* Build configuration list for PBXProject "Simpson Book" */;
			compatibilityVersion = "Xcode 8.0";
			developmentRegion = en;
			hasScannedForEncodings = 0;
			knownRegions = (
				en,
				Base,
			);
			mainGroup = FC12171C1EF68CBE00EAA28E;
			productRefGroup = FC1217261EF68CBE00EAA28E /* Products */;
			projectDirPath = "";
			projectRoot = "";
			targets = (
				FC1217241EF68CBE00EAA28E /* Simpson Book */,
			);
		};
/* End PBXProject section */

/* Begin PBXResourcesBuildPhase section */
		FC1217231EF68CBE00EAA28E /* Resources */ = {
			isa = PBXResourcesBuildPhase;
			buildActionMask = 2147483647;
			files = (
				FC1217411EF68F7300EAA28E /* bart.png in Resources */,
				FC1217441EF68F7300EAA28E /* marge.png in Resources */,
				FC1217431EF68F7300EAA28E /* maggie.png in Resources */,
				FC1217421EF68F7300EAA28E /* lisa.png in Resources */,
				FC1217331EF68CBE00EAA28E /* LaunchScreen.storyboard in Resources */,
				FC1217301EF68CBE00EAA28E /* Assets.xcassets in Resources */,
				FC12172E1EF68CBE00EAA28E /* Main.storyboard in Resources */,
				FC1217451EF68F7300EAA28E /* homer.png in Resources */,
			);
			runOnlyForDeploymentPostprocessing = 0;
		};
/* End PBXResourcesBuildPhase section */

/* Begin PBXSourcesBuildPhase section */
		FC1217211EF68CBE00EAA28E /* Sources */ = {
			isa = PBXSourcesBuildPhase;
			buildActionMask = 2147483647;
			files = (
				FC12172B1EF68CBE00EAA28E /* ViewController.swift in Sources */,
				FC1217481EF68FDA00EAA28E /* Simpson.swift in Sources */,
				FC12173B1EF68D8200EAA28E /* detailsVC.swift in Sources */,
				FC1217291EF68CBE00EAA28E /* AppDelegate.swift in Sources */,
			);
			runOnlyForDeploymentPostprocessing = 0;
		};
/* End PBXSourcesBuildPhase section */

/* Begin PBXVariantGroup section */
		FC12172C1EF68CBE00EAA28E /* Main.storyboard */ = {
			isa = PBXVariantGroup;
			children = (
				FC12172D1EF68CBE00EAA28E /* Base */,
			);
			name = Main.storyboard;
			sourceTree = "<group>";
		};
		FC1217311EF68CBE00EAA28E /* LaunchScreen.storyboard */ = {
			isa = PBXVariantGroup;
			children = (
				FC1217321EF68CBE00EAA28E /* Base */,
			);
			name = LaunchScreen.storyboard;
			sourceTree = "<group>";
		};
/* End PBXVariantGroup section */

/* Begin XCBuildConfiguration section */
		FC1217351EF68CBE00EAA28E /* Debug */ = {
			isa = XCBuildConfiguration;
			buildSettings = {
				ALWAYS_SEARCH_USER_PATHS = NO;
				CLANG_ANALYZER_NONNULL = YES;
				CLANG_ANALYZER_NUMBER_OBJECT_CONVERSION = YES_AGGRESSIVE;
				CLANG_CXX_LANGUAGE_STANDARD = "gnu++14";
				CLANG_CXX_LIBRARY = "libc++";
				CLANG_ENABLE_MODULES = YES;
				CLANG_ENABLE_OBJC_ARC = YES;
				CLANG_WARN_BLOCK_CAPTURE_AUTORELEASING = YES;
				CLANG_WARN_BOOL_CONVERSION = YES;
				CLANG_WARN_COMMA = YES;
				CLANG_WARN_CONSTANT_CONVERSION = YES;
				CLANG_WARN_DIRECT_OBJC_ISA_USAGE = YES_ERROR;
				CLANG_WARN_DOCUMENTATION_COMMENTS = YES;
				CLANG_WARN_EMPTY_BODY = YES;
				CLANG_WARN_ENUM_CONVERSION = YES;
				CLANG_WARN_INFINITE_RECURSION = YES;
				CLANG_WARN_INT_CONVERSION = YES;
				CLANG_WARN_OBJC_ROOT_CLASS = YES_ERROR;
				CLANG_WARN_RANGE_LOOP_ANALYSIS = YES;
				CLANG_WARN_STRICT_PROTOTYPES = YES;
				CLANG_WARN_SUSPICIOUS_MOVE = YES;
				CLANG_WARN_UNGUARDED_AVAILABILITY = YES_AGGRESSIVE;
				CLANG_WARN_UNREACHABLE_CODE = YES;
				CLANG_WARN__DUPLICATE_METHOD_MATCH = YES;
				CODE_SIGN_IDENTITY = "iPhone Developer";
				COPY_PHASE_STRIP = NO;
				DEBUG_INFORMATION_FORMAT = dwarf;
				ENABLE_STRICT_OBJC_MSGSEND = YES;
				ENABLE_TESTABILITY = YES;
				GCC_C_LANGUAGE_STANDARD = gnu11;
				GCC_DYNAMIC_NO_PIC = NO;
				GCC_NO_COMMON_BLOCKS = YES;
				GCC_OPTIMIZATION_LEVEL = 0;
				GCC_PREPROCESSOR_DEFINITIONS = (
					"DEBUG=1",
					"$(inherited)",
				);
				GCC_WARN_64_TO_32_BIT_CONVERSION = YES;
				GCC_WARN_ABOUT_RETURN_TYPE = YES_ERROR;
				GCC_WARN_UNDECLARED_SELECTOR = YES;
				GCC_WARN_UNINITIALIZED_AUTOS = YES_AGGRESSIVE;
				GCC_WARN_UNUSED_FUNCTION = YES;
				GCC_WARN_UNUSED_VARIABLE = YES;
				IPHONEOS_DEPLOYMENT_TARGET = 11.0;
				MTL_ENABLE_DEBUG_INFO = YES;
				ONLY_ACTIVE_ARCH = YES;
				SDKROOT = iphoneos;
				SWIFT_ACTIVE_COMPILATION_CONDITIONS = DEBUG;
				SWIFT_OPTIMIZATION_LEVEL = "-Onone";
			};
			name = Debug;
		};
		FC1217361EF68CBE00EAA28E /* Release */ = {
			isa = XCBuildConfiguration;
			buildSettings = {
				ALWAYS_SEARCH_USER_PATHS = NO;
				CLANG_ANALYZER_NONNULL = YES;
				CLANG_ANALYZER_NUMBER_OBJECT_CONVERSION = YES_AGGRESSIVE;
				CLANG_CXX_LANGUAGE_STANDARD = "gnu++14";
				CLANG_CXX_LIBRARY = "libc++";
				CLANG_ENABLE_MODULES = YES;
				CLANG_ENABLE_OBJC_ARC = YES;
				CLANG_WARN_BLOCK_CAPTURE_AUTORELEASING = YES;
				CLANG_WARN_BOOL_CONVERSION = YES;
				CLANG_WARN_COMMA = YES;
				CLANG_WARN_CONSTANT_CONVERSION = YES;
				CLANG_WARN_DIRECT_OBJC_ISA_USAGE = YES_ERROR;
				CLANG_WARN_DOCUMENTATION_COMMENTS = YES;
				CLANG_WARN_EMPTY_BODY = YES;
				CLANG_WARN_ENUM_CONVERSION = YES;
				CLANG_WARN_INFINITE_RECURSION = YES;
				CLANG_WARN_INT_CONVERSION = YES;
				CLANG_WARN_OBJC_ROOT_CLASS = YES_ERROR;
				CLANG_WARN_RANGE_LOOP_ANALYSIS = YES;
				CLANG_WARN_STRICT_PROTOTYPES = YES;
				CLANG_WARN_SUSPICIOUS_MOVE = YES;
				CLANG_WARN_UNGUARDED_AVAILABILITY = YES_AGGRESSIVE;
				CLANG_WARN_UNREACHABLE_CODE = YES;
				CLANG_WARN__DUPLICATE_METHOD_MATCH = YES;
				CODE_SIGN_IDENTITY = "iPhone Developer";
				COPY_PHASE_STRIP = NO;
				DEBUG_INFORMATION_FORMAT = "dwarf-with-dsym";
				ENABLE_NS_ASSERTIONS = NO;
				ENABLE_STRICT_OBJC_MSGSEND = YES;
				GCC_C_LANGUAGE_STANDARD = gnu11;
				GCC_NO_COMMON_BLOCKS = YES;
				GCC_WARN_64_TO_32_BIT_CONVERSION = YES;
				GCC_WARN_ABOUT_RETURN_TYPE = YES_ERROR;
				GCC_WARN_UNDECLARED_SELECTOR = YES;
				GCC_WARN_UNINITIALIZED_AUTOS = YES_AGGRESSIVE;
				GCC_WARN_UNUSED_FUNCTION = YES;
				GCC_WARN_UNUSED_VARIABLE = YES;
				IPHONEOS_DEPLOYMENT_TARGET = 11.0;
				MTL_ENABLE_DEBUG_INFO = NO;
				SDKROOT = iphoneos;
				SWIFT_OPTIMIZATION_LEVEL = "-Owholemodule";
				VALIDATE_PRODUCT = YES;
			};
			name = Release;
		};
		FC1217381EF68CBE00EAA28E /* Debug */ = {
			isa = XCBuildConfiguration;
			buildSettings = {
				ASSETCATALOG_COMPILER_APPICON_NAME = AppIcon;
				DEVELOPMENT_TEAM = 7SH627DBA4;
				INFOPLIST_FILE = "Simpson Book/Info.plist";
				LD_RUNPATH_SEARCH_PATHS = "$(inherited) @executable_path/Frameworks";
				PRODUCT_BUNDLE_IDENTIFIER = "com.atilsamancioglu.Simpson-Book";
				PRODUCT_NAME = "$(TARGET_NAME)";
				SWIFT_VERSION = 4.0;
				TARGETED_DEVICE_FAMILY = "1,2";
			};
			name = Debug;
		};
		FC1217391EF68CBE00EAA28E /* Release */ = {
			isa = XCBuildConfiguration;
			buildSettings = {
				ASSETCATALOG_COMPILER_APPICON_NAME = AppIcon;
				DEVELOPMENT_TEAM = 7SH627DBA4;
				INFOPLIST_FILE = "Simpson Book/Info.plist";
				LD_RUNPATH_SEARCH_PATHS = "$(inherited) @executable_path/Frameworks";
				PRODUCT_BUNDLE_IDENTIFIER = "com.atilsamancioglu.Simpson-Book";
				PRODUCT_NAME = "$(TARGET_NAME)";
				SWIFT_VERSION = 4.0;
				TARGETED_DEVICE_FAMILY = "1,2";
			};
			name = Release;
		};
/* End XCBuildConfiguration section */

/* Begin XCConfigurationList section */
		FC1217201EF68CBE00EAA28E /* Build configuration list for PBXProject "Simpson Book" */ = {
			isa = XCConfigurationList;
			buildConfigurations = (
				FC1217351EF68CBE00EAA28E /* Debug */,
				FC1217361EF68CBE00EAA28E /* Release */,
			);
			defaultConfigurationIsVisible = 0;
			defaultConfigurationName = Release;
		};
		FC1217371EF68CBE00EAA28E /* Build configuration list for PBXNativeTarget "Simpson Book" */ = {
			isa = XCConfigurationList;
			buildConfigurations = (
				FC1217381EF68CBE00EAA28E /* Debug */,
				FC1217391EF68CBE00EAA28E /* Release */,
			);
			defaultConfigurationIsVisible = 0;
		};
/* End XCConfigurationList section */
	};
	rootObject = FC12171D1EF68CBE00EAA28E /* Project object */;
}
